
Microsoft Visual Studio Solution File, Format Version 12.00
# Visual Studio Version 16
VisualStudioVersion = 16.0.30011.22
MinimumVisualStudioVersion = 10.0.40219.1
Project("{9A19103F-16F7-4668-BE54-9A1E7A4F7556}") = "Web", "FileHosting\Web.csproj", "{B553316B-6802-4B8C-AAF1-675926856B8B}"
EndProject
Project("{9A19103F-16F7-4668-BE54-9A1E7A4F7556}") = "DAL", "DAL\DAL.csproj", "{027D5F23-1B73-4182-90F3-FD67F95D21D5}"
EndProject
Project("{9A19103F-16F7-4668-BE54-9A1E7A4F7556}") = "Common", "Common\Common.csproj", "{E97A61E0-7E9E-4BDC-A007-BAFAF408C3E3}"
EndProject
Project("{9A19103F-16F7-4668-BE54-9A1E7A4F7556}") = "BL", "BL\BL.csproj", "{38C4E981-E5C0-4631-8069-5A25DA6B1B5E}"
EndProject
Project("{FAE04EC0-301F-11D3-BF4B-00C04F79EFBC}") = "Tests", "Tests\Tests.csproj", "{7EACC935-CAAA-4B0E-9540-7472817798A7}"
EndProject
Global
	GlobalSection(SolutionConfigurationPlatforms) = preSolution
		Debug|Any CPU = Debug|Any CPU
		Release|Any CPU = Release|Any CPU
	EndGlobalSection
	GlobalSection(ProjectConfigurationPlatforms) = postSolution
		{B553316B-6802-4B8C-AAF1-675926856B8B}.Debug|Any CPU.ActiveCfg = Debug|Any CPU
		{B553316B-6802-4B8C-AAF1-675926856B8B}.Debug|Any CPU.Build.0 = Debug|Any CPU
		{B553316B-6802-4B8C-AAF1-675926856B8B}.Release|Any CPU.ActiveCfg = Release|Any CPU
		{B553316B-6802-4B8C-AAF1-675926856B8B}.Release|Any CPU.Build.0 = Release|Any CPU
		{027D5F23-1B73-4182-90F3-FD67F95D21D5}.Debug|Any CPU.ActiveCfg = Debug|Any CPU
		{027D5F23-1B73-4182-90F3-FD67F95D21D5}.Debug|Any CPU.Build.0 = Debug|Any CPU
		{027D5F23-1B73-4182-90F3-FD67F95D21D5}.Release|Any CPU.ActiveCfg = Release|Any CPU
		{027D5F23-1B73-4182-90F3-FD67F95D21D5}.Release|Any CPU.Build.0 = Release|Any CPU
		{E97A61E0-7E9E-4BDC-A007-BAFAF408C3E3}.Debug|Any CPU.ActiveCfg = Debug|Any CPU
		{E97A61E0-7E9E-4BDC-A007-BAFAF408C3E3}.Debug|Any CPU.Build.0 = Debug|Any CPU
		{E97A61E0-7E9E-4BDC-A007-BAFAF408C3E3}.Release|Any CPU.ActiveCfg = Release|Any CPU
		{E97A61E0-7E9E-4BDC-A007-BAFAF408C3E3}.Release|Any CPU.Build.0 = Release|Any CPU
		{38C4E981-E5C0-4631-8069-5A25DA6B1B5E}.Debug|Any CPU.ActiveCfg = Debug|Any CPU
		{38C4E981-E5C0-4631-8069-5A25DA6B1B5E}.Debug|Any CPU.Build.0 = Debug|Any CPU
		{38C4E981-E5C0-4631-8069-5A25DA6B1B5E}.Release|Any CPU.ActiveCfg = Release|Any CPU
		{38C4E981-E5C0-4631-8069-5A25DA6B1B5E}.Release|Any CPU.Build.0 = Release|Any CPU
		{7EACC935-CAAA-4B0E-9540-7472817798A7}.Debug|Any CPU.ActiveCfg = Debug|Any CPU
		{7EACC935-CAAA-4B0E-9540-7472817798A7}.Debug|Any CPU.Build.0 = Debug|Any CPU
		{7EACC935-CAAA-4B0E-9540-7472817798A7}.Release|Any CPU.ActiveCfg = Release|Any CPU
		{7EACC935-CAAA-4B0E-9540-7472817798A7}.Release|Any CPU.Build.0 = Release|Any CPU
	EndGlobalSection
	GlobalSection(SolutionProperties) = preSolution
		HideSolutionNode = FALSE
	EndGlobalSection
	GlobalSection(ExtensibilityGlobals) = postSolution
		SolutionGuid = {A3CF2701-6E0C-4F78-AA7A-D22C47B4A4F0}
	EndGlobalSection
EndGlobal
